
Microsoft Visual Studio Solution File, Format Version 12.00
# Visual Studio Version 17
VisualStudioVersion = 17.4.33213.308
MinimumVisualStudioVersion = 10.0.40219.1
Project("{FAE04EC0-301F-11D3-BF4B-00C04F79EFBC}") = "PomoWidget", "PomoWidget\PomoWidget.csproj", "{488EC5C1-C320-44C1-A766-8792C99EA2E7}"
EndProject
Global
	GlobalSection(SolutionConfigurationPlatforms) = preSolution
		Debug|Any CPU = Debug|Any CPU
		Release|Any CPU = Release|Any CPU
	EndGlobalSection
	GlobalSection(ProjectConfigurationPlatforms) = postSolution
		{488EC5C1-C320-44C1-A766-8792C99EA2E7}.Debug|Any CPU.ActiveCfg = Debug|Any CPU
		{488EC5C1-C320-44C1-A766-8792C99EA2E7}.Debug|Any CPU.Build.0 = Debug|Any CPU
		{488EC5C1-C320-44C1-A766-8792C99EA2E7}.Release|Any CPU.ActiveCfg = Release|Any CPU
		{488EC5C1-C320-44C1-A766-8792C99EA2E7}.Release|Any CPU.Build.0 = Release|Any CPU
	EndGlobalSection
	GlobalSection(SolutionProperties) = preSolution
		HideSolutionNode = FALSE
	EndGlobalSection
	GlobalSection(ExtensibilityGlobals) = postSolution
		SolutionGuid = {2647BF00-B671-47E9-AB89-A84D0675F3CB}
	EndGlobalSection
EndGlobal
